PODS:
  - Bolts/Tasks (1.9.0)
  - Cosmos (20.0.1)
  - Parse (1.17.3):
    - Parse/Core (= 1.17.3)
  - Parse/Core (1.17.3):
    - Bolts/Tasks (~> 1.9)

DEPENDENCIES:
  - Cosmos
  - Parse

SPEC REPOS:
  trunk:
    - Bolts
    - Cosmos
    - Parse

SPEC CHECKSUMS:
  Bolts: ac6567323eac61e203f6a9763667d0f711be34c8
  Cosmos: b47fddf2102bb48580cd3025d9ce0a5c658a65da
  Parse: c1ad2a04d2cab2b54b6fb7da05f741abf2cf57d1

PODFILE CHECKSUM: 1330493955545a929a1a9e07418ab869d4df517a

COCOAPODS: 1.8.3
